
Microsoft Visual Studio Solution File, Format Version 12.00
# Visual Studio Version 17
VisualStudioVersion = 17.6.33829.357
MinimumVisualStudioVersion = 10.0.40219.1
Project("{8BC9CEB8-8B4A-11D0-8D11-00A0C91BC942}") = "UELibApp", "UELibApp\UELibApp.vcxproj", "{FC5663E3-0B23-429A-B20A-597D205410E4}"
EndProject
Global
	GlobalSection(SolutionConfigurationPlatforms) = preSolution
		Debug|x64 = Debug|x64
		Debug|x86 = Debug|x86
		Release|x64 = Release|x64
		Release|x86 = Release|x86
	EndGlobalSection
	GlobalSection(ProjectConfigurationPlatforms) = postSolution
		{FC5663E3-0B23-429A-B20A-597D205410E4}.Debug|x64.ActiveCfg = Debug|x64
		{FC5663E3-0B23-429A-B20A-597D205410E4}.Debug|x64.Build.0 = Debug|x64
		{FC5663E3-0B23-429A-B20A-597D205410E4}.Debug|x86.ActiveCfg = Debug|Win32
		{FC5663E3-0B23-429A-B20A-597D205410E4}.Debug|x86.Build.0 = Debug|Win32
		{FC5663E3-0B23-429A-B20A-597D205410E4}.Release|x64.ActiveCfg = Release|x64
		{FC5663E3-0B23-429A-B20A-597D205410E4}.Release|x64.Build.0 = Release|x64
		{FC5663E3-0B23-429A-B20A-597D205410E4}.Release|x86.ActiveCfg = Release|Win32
		{FC5663E3-0B23-429A-B20A-597D205410E4}.Release|x86.Build.0 = Release|Win32
	EndGlobalSection
	GlobalSection(SolutionProperties) = preSolution
		HideSolutionNode = FALSE
	EndGlobalSection
	GlobalSection(ExtensibilityGlobals) = postSolution
		SolutionGuid = {F4022AF5-30DC-4235-800A-69E0B0E80CBF}
	EndGlobalSection
EndGlobal
